
Microsoft Visual Studio Solution File, Format Version 12.00
# Visual Studio 15
VisualStudioVersion = 15.0.27130.2010
MinimumVisualStudioVersion = 10.0.40219.1
Project("{FAE04EC0-301F-11D3-BF4B-00C04F79EFBC}") = "Word Count", "Word Count\Word Count.csproj", "{2AB6CBDE-597E-4211-A6E0-1D4D181B086A}"
EndProject
Global
	GlobalSection(SolutionConfigurationPlatforms) = preSolution
		Debug|Any CPU = Debug|Any CPU
		Release|Any CPU = Release|Any CPU
	EndGlobalSection
	GlobalSection(ProjectConfigurationPlatforms) = postSolution
		{2AB6CBDE-597E-4211-A6E0-1D4D181B086A}.Debug|Any CPU.ActiveCfg = Debug|Any CPU
		{2AB6CBDE-597E-4211-A6E0-1D4D181B086A}.Debug|Any CPU.Build.0 = Debug|Any CPU
		{2AB6CBDE-597E-4211-A6E0-1D4D181B086A}.Release|Any CPU.ActiveCfg = Release|Any CPU
		{2AB6CBDE-597E-4211-A6E0-1D4D181B086A}.Release|Any CPU.Build.0 = Release|Any CPU
	EndGlobalSection
	GlobalSection(SolutionProperties) = preSolution
		HideSolutionNode = FALSE
	EndGlobalSection
	GlobalSection(ExtensibilityGlobals) = postSolution
		SolutionGuid = {092A7D49-2D63-4ADC-881F-408871361C57}
	EndGlobalSection
EndGlobal
